
Microsoft Visual Studio Solution File, Format Version 12.00
# Visual Studio Version 17
VisualStudioVersion = 17.7.34202.233
MinimumVisualStudioVersion = 10.0.40219.1
Project("{2150E333-8FDC-42A3-9474-1A3956D46DE8}") = "Extern", "Extern", "{2835EE7C-9F76-45A2-9754-E86902623A81}"
EndProject
Project("{2150E333-8FDC-42A3-9474-1A3956D46DE8}") = "__", "__", "{DAC60261-079A-44B4-8872-61FC02A4AE9F}"
	ProjectSection(SolutionItems) = preProject
		..\Icon.png = ..\Icon.png
		..\LICENSE = ..\LICENSE
		..\README.en.md = ..\README.en.md
		..\README.md = ..\README.md
	EndProjectSection
EndProject
Project("{D954291E-2A0B-460D-934E-DC6B0785DB48}") = "Antelcat.I18N.Shared", "Antelcat.I18N.Shared\Antelcat.I18N.Shared.shproj", "{28F904C6-3B6D-4140-90FF-62A6BD87B0C6}"
EndProject
Project("{D954291E-2A0B-460D-934E-DC6B0785DB48}") = "Antelcat.I18N.Shared.SourceGenerators", "Antelcat.I18N.SourceGenerators.Shared\Antelcat.I18N.SourceGenerators.Shared.shproj", "{15D71DC2-F53D-42EC-85E4-4982F6E351A5}"
EndProject
Project("{2150E333-8FDC-42A3-9474-1A3956D46DE8}") = "Shared", "Shared", "{F86CB7CC-4C0C-40AA-ABF0-282D7B15B38E}"
EndProject
Project("{2150E333-8FDC-42A3-9474-1A3956D46DE8}") = "Platforms", "Platforms", "{A9786647-4829-4617-98A5-704E2DDDCA35}"
EndProject
Project("{2150E333-8FDC-42A3-9474-1A3956D46DE8}") = "WPF", "WPF", "{E03F942D-C1C1-4847-BA7D-5186A6CEAEE1}"
EndProject
Project("{2150E333-8FDC-42A3-9474-1A3956D46DE8}") = "Avalonia", "Avalonia", "{8122301E-0585-46DC-B4E5-3B6F12F8E237}"
EndProject
Project("{9A19103F-16F7-4668-BE54-9A1E7A4F7556}") = "Antelcat.I18N.SourceGenerators", "SourceGenerators\Antelcat.I18N.SourceGenerators.csproj", "{612D6836-4C01-48AA-A3BD-726ADDE0F101}"
EndProject
Project("{9A19103F-16F7-4668-BE54-9A1E7A4F7556}") = "Antelcat.I18N.WPF", "WPF\WPF\Antelcat.I18N.WPF.csproj", "{3C5623F8-1E58-456E-A386-11B7FBA42FA0}"
EndProject
Project("{9A19103F-16F7-4668-BE54-9A1E7A4F7556}") = "Antelcat.I18N.WPF.Demo", "WPF\Demo\Antelcat.I18N.WPF.Demo.csproj", "{7ECC81C2-D016-43C3-82F7-CCBEC9E30A15}"
EndProject
Project("{9A19103F-16F7-4668-BE54-9A1E7A4F7556}") = "Antelcat.I18N.WPF.Demo.Framework", "WPF\Demo.Framework\Antelcat.I18N.WPF.Demo.Framework.csproj", "{420430D4-4A39-4310-97B6-F9029575454B}"
EndProject
Project("{9A19103F-16F7-4668-BE54-9A1E7A4F7556}") = "Antelcat.I18N.Avalonia", "Avalonia\Avalonia\Antelcat.I18N.Avalonia.csproj", "{C0105DD2-CC54-47AB-9122-EEA1DC73E61E}"
EndProject
Project("{9A19103F-16F7-4668-BE54-9A1E7A4F7556}") = "Antelcat.I18N.Avalonia.Demo", "Avalonia\Demo\Antelcat.I18N.Avalonia.Demo.csproj", "{4BDD0948-3E41-4432-8EC2-395C3B694A3A}"
EndProject
Project("{9A19103F-16F7-4668-BE54-9A1E7A4F7556}") = "Feast.CodeAnalysis.SourceGenerators", "..\extern\CodeAnalysis.Extensions\src\Feast.CodeAnalysis.SourceGenerators\Feast.CodeAnalysis.SourceGenerators.csproj", "{D02B1059-583A-42FD-8D7F-4BFBBBE439D7}"
EndProject
Project("{9A19103F-16F7-4668-BE54-9A1E7A4F7556}") = "Antelcat.I18N.WPF.Library", "WPF\Library\Antelcat.I18N.WPF.Library.csproj", "{5FB0464B-DD43-4C4F-8F03-C0F8CEEB520E}"
EndProject
Project("{9A19103F-16F7-4668-BE54-9A1E7A4F7556}") = "Antelcat.I18N.Abstractions", "Antelcat.I18N.Abstractions\Antelcat.I18N.Abstractions.csproj", "{2BA15A8E-6C3E-4B33-BFF4-D9255202D71D}"
EndProject
Project("{D954291E-2A0B-460D-934E-DC6B0785DB48}") = "Antelcat.I18N.Abstractions.Shared", "Antelcat.I18N.Abstractions.Shared\Antelcat.I18N.Abstractions.Shared.shproj", "{F3F24657-983C-46FF-B928-ADD03557C562}"
EndProject
Global
	GlobalSection(SolutionConfigurationPlatforms) = preSolution
		Debug|Any CPU = Debug|Any CPU
		Release|Any CPU = Release|Any CPU
	EndGlobalSection
	GlobalSection(ProjectConfigurationPlatforms) = postSolution
		{612D6836-4C01-48AA-A3BD-726ADDE0F101}.Debug|Any CPU.ActiveCfg = Debug|Any CPU
		{612D6836-4C01-48AA-A3BD-726ADDE0F101}.Debug|Any CPU.Build.0 = Debug|Any CPU
		{612D6836-4C01-48AA-A3BD-726ADDE0F101}.Release|Any CPU.ActiveCfg = Release|Any CPU
		{612D6836-4C01-48AA-A3BD-726ADDE0F101}.Release|Any CPU.Build.0 = Release|Any CPU
		{3C5623F8-1E58-456E-A386-11B7FBA42FA0}.Debug|Any CPU.ActiveCfg = Debug|Any CPU
		{3C5623F8-1E58-456E-A386-11B7FBA42FA0}.Debug|Any CPU.Build.0 = Debug|Any CPU
		{3C5623F8-1E58-456E-A386-11B7FBA42FA0}.Release|Any CPU.ActiveCfg = Release|Any CPU
		{3C5623F8-1E58-456E-A386-11B7FBA42FA0}.Release|Any CPU.Build.0 = Release|Any CPU
		{7ECC81C2-D016-43C3-82F7-CCBEC9E30A15}.Debug|Any CPU.ActiveCfg = Debug|Any CPU
		{7ECC81C2-D016-43C3-82F7-CCBEC9E30A15}.Debug|Any CPU.Build.0 = Debug|Any CPU
		{7ECC81C2-D016-43C3-82F7-CCBEC9E30A15}.Release|Any CPU.ActiveCfg = Release|Any CPU
		{7ECC81C2-D016-43C3-82F7-CCBEC9E30A15}.Release|Any CPU.Build.0 = Release|Any CPU
		{420430D4-4A39-4310-97B6-F9029575454B}.Debug|Any CPU.ActiveCfg = Debug|Any CPU
		{420430D4-4A39-4310-97B6-F9029575454B}.Debug|Any CPU.Build.0 = Debug|Any CPU
		{420430D4-4A39-4310-97B6-F9029575454B}.Release|Any CPU.ActiveCfg = Release|Any CPU
		{420430D4-4A39-4310-97B6-F9029575454B}.Release|Any CPU.Build.0 = Release|Any CPU
		{C0105DD2-CC54-47AB-9122-EEA1DC73E61E}.Debug|Any CPU.ActiveCfg = Debug|Any CPU
		{C0105DD2-CC54-47AB-9122-EEA1DC73E61E}.Debug|Any CPU.Build.0 = Debug|Any CPU
		{C0105DD2-CC54-47AB-9122-EEA1DC73E61E}.Release|Any CPU.ActiveCfg = Release|Any CPU
		{C0105DD2-CC54-47AB-9122-EEA1DC73E61E}.Release|Any CPU.Build.0 = Release|Any CPU
		{4BDD0948-3E41-4432-8EC2-395C3B694A3A}.Debug|Any CPU.ActiveCfg = Debug|Any CPU
		{4BDD0948-3E41-4432-8EC2-395C3B694A3A}.Debug|Any CPU.Build.0 = Debug|Any CPU
		{4BDD0948-3E41-4432-8EC2-395C3B694A3A}.Release|Any CPU.ActiveCfg = Release|Any CPU
		{4BDD0948-3E41-4432-8EC2-395C3B694A3A}.Release|Any CPU.Build.0 = Release|Any CPU
		{D02B1059-583A-42FD-8D7F-4BFBBBE439D7}.Debug|Any CPU.ActiveCfg = Debug|Any CPU
		{D02B1059-583A-42FD-8D7F-4BFBBBE439D7}.Debug|Any CPU.Build.0 = Debug|Any CPU
		{D02B1059-583A-42FD-8D7F-4BFBBBE439D7}.Release|Any CPU.ActiveCfg = Release|Any CPU
		{D02B1059-583A-42FD-8D7F-4BFBBBE439D7}.Release|Any CPU.Build.0 = Release|Any CPU
		{5FB0464B-DD43-4C4F-8F03-C0F8CEEB520E}.Debug|Any CPU.ActiveCfg = Debug|Any CPU
		{5FB0464B-DD43-4C4F-8F03-C0F8CEEB520E}.Debug|Any CPU.Build.0 = Debug|Any CPU
		{5FB0464B-DD43-4C4F-8F03-C0F8CEEB520E}.Release|Any CPU.ActiveCfg = Release|Any CPU
		{5FB0464B-DD43-4C4F-8F03-C0F8CEEB520E}.Release|Any CPU.Build.0 = Release|Any CPU
		{2BA15A8E-6C3E-4B33-BFF4-D9255202D71D}.Debug|Any CPU.ActiveCfg = Debug|Any CPU
		{2BA15A8E-6C3E-4B33-BFF4-D9255202D71D}.Debug|Any CPU.Build.0 = Debug|Any CPU
		{2BA15A8E-6C3E-4B33-BFF4-D9255202D71D}.Release|Any CPU.ActiveCfg = Release|Any CPU
		{2BA15A8E-6C3E-4B33-BFF4-D9255202D71D}.Release|Any CPU.Build.0 = Release|Any CPU
	EndGlobalSection
	GlobalSection(SolutionProperties) = preSolution
		HideSolutionNode = FALSE
	EndGlobalSection
	GlobalSection(NestedProjects) = preSolution
		{28F904C6-3B6D-4140-90FF-62A6BD87B0C6} = {F86CB7CC-4C0C-40AA-ABF0-282D7B15B38E}
		{15D71DC2-F53D-42EC-85E4-4982F6E351A5} = {F86CB7CC-4C0C-40AA-ABF0-282D7B15B38E}
		{E03F942D-C1C1-4847-BA7D-5186A6CEAEE1} = {A9786647-4829-4617-98A5-704E2DDDCA35}
		{8122301E-0585-46DC-B4E5-3B6F12F8E237} = {A9786647-4829-4617-98A5-704E2DDDCA35}
		{3C5623F8-1E58-456E-A386-11B7FBA42FA0} = {E03F942D-C1C1-4847-BA7D-5186A6CEAEE1}
		{7ECC81C2-D016-43C3-82F7-CCBEC9E30A15} = {E03F942D-C1C1-4847-BA7D-5186A6CEAEE1}
		{420430D4-4A39-4310-97B6-F9029575454B} = {E03F942D-C1C1-4847-BA7D-5186A6CEAEE1}
		{C0105DD2-CC54-47AB-9122-EEA1DC73E61E} = {8122301E-0585-46DC-B4E5-3B6F12F8E237}
		{4BDD0948-3E41-4432-8EC2-395C3B694A3A} = {8122301E-0585-46DC-B4E5-3B6F12F8E237}
		{D02B1059-583A-42FD-8D7F-4BFBBBE439D7} = {2835EE7C-9F76-45A2-9754-E86902623A81}
		{5FB0464B-DD43-4C4F-8F03-C0F8CEEB520E} = {E03F942D-C1C1-4847-BA7D-5186A6CEAEE1}
		{F3F24657-983C-46FF-B928-ADD03557C562} = {F86CB7CC-4C0C-40AA-ABF0-282D7B15B38E}
	EndGlobalSection
	GlobalSection(ExtensibilityGlobals) = postSolution
		SolutionGuid = {73D6AEFA-1477-4119-9F85-0DA27E35BDB8}
	EndGlobalSection
	GlobalSection(SharedMSBuildProjectFiles) = preSolution
		Antelcat.I18N.Shared.SourceGenerators\Antelcat.I18N.Shared.SourceGenerators.projitems*{15d71dc2-f53d-42ec-85e4-4982f6e351a5}*SharedItemsImports = 13
		Antelcat.I18N.Shared\Antelcat.I18N.Shared.projitems*{28f904c6-3b6d-4140-90ff-62a6bd87b0c6}*SharedItemsImports = 13
		Antelcat.I18N.Abstractions.Shared\Antelcat.I18N.Abstractions.Shared.projitems*{2ba15a8e-6c3e-4b33-bff4-d9255202d71d}*SharedItemsImports = 5
		Antelcat.I18N.Shared\Antelcat.I18N.Shared.projitems*{3c5623f8-1e58-456e-a386-11b7fba42fa0}*SharedItemsImports = 5
		WPF\Shared.Demo\Antelcat.I18N.WPF.Demo.Shared.projitems*{5fb0464b-dd43-4c4f-8f03-c0f8ceeb520e}*SharedItemsImports = 5
		Antelcat.I18N.Abstractions.Shared\Antelcat.I18N.Abstractions.Shared.projitems*{612d6836-4c01-48aa-a3bd-726adde0f101}*SharedItemsImports = 5
		Antelcat.I18N.SourceGenerators.Shared\Antelcat.I18N.SourceGenerators.Shared.projitems*{612d6836-4c01-48aa-a3bd-726adde0f101}*SharedItemsImports = 5
		Antelcat.I18N.Shared\Antelcat.I18N.Shared.projitems*{c0105dd2-cc54-47ab-9122-eea1dc73e61e}*SharedItemsImports = 5
		Antelcat.I18N.Abstractions.Shared\Antelcat.I18N.Abstractions.Shared.projitems*{f3f24657-983c-46ff-b928-add03557c562}*SharedItemsImports = 13
	EndGlobalSection
EndGlobal
